
Microsoft Visual Studio Solution File, Format Version 12.00
# Visual Studio 15
VisualStudioVersion = 15.0.27004.2009
MinimumVisualStudioVersion = 10.0.40219.1
Project("{FAE04EC0-301F-11D3-BF4B-00C04F79EFBC}") = "Palindrom 2", "Palindrom 2\Palindrom 2.csproj", "{0BE2230D-2AAE-4C83-9111-027C5FBC3346}"
EndProject
Global
	GlobalSection(SolutionConfigurationPlatforms) = preSolution
		Debug|Any CPU = Debug|Any CPU
		Release|Any CPU = Release|Any CPU
	EndGlobalSection
	GlobalSection(ProjectConfigurationPlatforms) = postSolution
		{0BE2230D-2AAE-4C83-9111-027C5FBC3346}.Debug|Any CPU.ActiveCfg = Debug|Any CPU
		{0BE2230D-2AAE-4C83-9111-027C5FBC3346}.Debug|Any CPU.Build.0 = Debug|Any CPU
		{0BE2230D-2AAE-4C83-9111-027C5FBC3346}.Release|Any CPU.ActiveCfg = Release|Any CPU
		{0BE2230D-2AAE-4C83-9111-027C5FBC3346}.Release|Any CPU.Build.0 = Release|Any CPU
	EndGlobalSection
	GlobalSection(SolutionProperties) = preSolution
		HideSolutionNode = FALSE
	EndGlobalSection
	GlobalSection(ExtensibilityGlobals) = postSolution
		SolutionGuid = {08726DB2-8459-4DAA-BA96-0F450618B106}
	EndGlobalSection
EndGlobal
